schema: '2.0'
stages:
  data_ingestion:
    cmd: python src/data_ingestion.py
    deps:
    - path: src/data_ingestion.py
      hash: md5
      md5: 719d82c34d7ffb97dd3d7c5c6441c646
      size: 4961
    params:
      params.yaml:
        data_ingestion.test_size: 0.3
    outs:
    - path: data/raw
      hash: md5
      md5: 6c14fc5d4581715d0c084959eeff4b01.dir
      size: 479272
      nfiles: 2
  data_preprocessing:
    cmd: python src/data_preprocessing.py
    deps:
    - path: data/raw
      hash: md5
      md5: 6c14fc5d4581715d0c084959eeff4b01.dir
      size: 479272
      nfiles: 2
    - path: src/data_preprocessing.py
      hash: md5
      md5: afc0d2695308b62b2f1a0cc5596111b9
      size: 6046
    outs:
    - path: data/interim
      hash: md5
      md5: 93889b72a3f9871723fd7977b31ee3a1.dir
      size: 257382
      nfiles: 2
  feature_engineering:
    cmd: python src/feature_engineering.py
    deps:
    - path: data/interim
      hash: md5
      md5: 93889b72a3f9871723fd7977b31ee3a1.dir
      size: 257382
      nfiles: 2
    - path: src/feature_engineering.py
      hash: md5
      md5: 87e93ceddd3804b47b7ffc7bb1bdb378
      size: 5584
    params:
      params.yaml:
        feature_engineering.max_features: 50
    outs:
    - path: data/processed
      hash: md5
      md5: 2427bafbd1eb1bcd3f1a62724e3375ff.dir
      size: 1182374
      nfiles: 2
  model_building:
    cmd: python src/model_building.py
    deps:
    - path: data/processed
      hash: md5
      md5: 2427bafbd1eb1bcd3f1a62724e3375ff.dir
      size: 1182374
      nfiles: 2
    - path: src/model_building.py
      hash: md5
      md5: 00a37e7f543f88398c0546853b1d4ef8
      size: 5229
    params:
      params.yaml:
        model_building.n_estimators: 20
        model_building.random_state: 2
    outs:
    - path: models/model.pkl
      hash: md5
      md5: 2201754de85a080a67b3447aa8c55853
      size: 705354
  model_evaluation:
    cmd: python src/model_evaluation.py
    deps:
    - path: models/model.pkl
      hash: md5
      md5: 2201754de85a080a67b3447aa8c55853
      size: 705354
    - path: src/model_evaluation.py
      hash: md5
      md5: 2666fc6ffad253549bc6c52552ff92dc
      size: 5897
    outs:
    - path: reports/metrics.json
      hash: md5
      md5: 57378d536680448f5f0cea3ffd98cca0
      size: 139
