schema: '2.0'
stages:
  data_ingestion:
    cmd: python src/data_ingestion.py
    deps:
    - path: src/data_ingestion.py
      hash: md5
      md5: 719d82c34d7ffb97dd3d7c5c6441c646
      size: 4961
    params:
      params.yaml:
        data_ingestion.test_size: 0.35
    outs:
    - path: data/raw
      hash: md5
      md5: 01f138f304c3399606ae39aec5015be1.dir
      size: 479272
      nfiles: 2
  data_preprocessing:
    cmd: python src/data_preprocessing.py
    deps:
    - path: data/raw
      hash: md5
      md5: 01f138f304c3399606ae39aec5015be1.dir
      size: 479272
      nfiles: 2
    - path: src/data_preprocessing.py
      hash: md5
      md5: afc0d2695308b62b2f1a0cc5596111b9
      size: 6046
    outs:
    - path: data/interim
      hash: md5
      md5: 567dbc907f2e901a13b66c110362c90b.dir
      size: 257906
      nfiles: 2
  feature_engineering:
    cmd: python src/feature_engineering.py
    deps:
    - path: data/interim
      hash: md5
      md5: 567dbc907f2e901a13b66c110362c90b.dir
      size: 257906
      nfiles: 2
    - path: src/feature_engineering.py
      hash: md5
      md5: 87e93ceddd3804b47b7ffc7bb1bdb378
      size: 5584
    params:
      params.yaml:
        feature_engineering.max_features: 60
    outs:
    - path: data/processed
      hash: md5
      md5: 5d6793ff77c67704ad06fced19a9270d.dir
      size: 1414478
      nfiles: 2
  model_building:
    cmd: python src/model_building.py
    deps:
    - path: data/processed
      hash: md5
      md5: 5d6793ff77c67704ad06fced19a9270d.dir
      size: 1414478
      nfiles: 2
    - path: src/model_building.py
      hash: md5
      md5: 00a37e7f543f88398c0546853b1d4ef8
      size: 5229
    params:
      params.yaml:
        model_building.n_estimators: 20
        model_building.random_state: 2
    outs:
    - path: models/model.pkl
      hash: md5
      md5: d34062f952d05b99b7d4fd8c5ed7448b
      size: 771914
  model_evaluation:
    cmd: python src/model_evaluation.py
    deps:
    - path: models/model.pkl
      hash: md5
      md5: d34062f952d05b99b7d4fd8c5ed7448b
      size: 771914
    - path: src/model_evaluation.py
      hash: md5
      md5: 1980c8bace553c20a126e6dce2a16587
      size: 4886
    outs:
    - path: reports/metrics.json
      hash: md5
      md5: f9386101fe354194decd96dc30312f55
      size: 140
